<Solution>
  <Project Path="aoc25_day_01/aoc25_day_01.csproj" />
  <Project Path="aoc25_day_02/aoc25_day_02.csproj" Id="ff2d7cd6-6eda-4aba-bb87-bbe865eed03d" />
  <Project Path="aoc25_day_03/aoc25_day_03.csproj" Id="6e81c1f5-7592-405b-9281-d2ee325774a2" />
  <Project Path="aoc25_day_04/aoc25_day_04.csproj" Id="f840cce6-0841-41b8-a1f7-c5cd595128ad" />
  <Project Path="aoc25_day_05/aoc25_day_05.csproj" Id="d15276e0-7606-4704-b4c0-da85e91beaa0" />
  <Project Path="aoc25_day_06/aoc25_day_06.csproj" />
  <Project Path="aoc25_day_07/aoc25_day_07.csproj" Id="508ea2c9-8d8d-4034-8027-16d3a275b42b" />
  <Project Path="aoc25_day_08/aoc25_day_08.csproj" Id="ad3354e9-1a8f-4d67-8eb5-497bb27a49a5" />
  <Project Path="aoc25_day_09/aoc25_day_09.csproj" Id="01841105-da38-4cf1-877b-212f0827290c" />
  <Project Path="aoc25_day_10/aoc25_day_10.csproj" Id="e4cbaf6f-9eb1-4382-aa89-da6b6746d574" />
</Solution>
