
Microsoft Visual Studio Solution File, Format Version 12.00
# Visual Studio Version 17
VisualStudioVersion = 17.11.35327.3
MinimumVisualStudioVersion = 10.0.40219.1
Project("{FAE04EC0-301F-11D3-BF4B-00C04F79EFBC}") = "day_01a", "day_01a\day_01a.csproj", "{2C5BD54B-1884-4D27-937B-1388171D49D2}"
EndProject
Project("{FAE04EC0-301F-11D3-BF4B-00C04F79EFBC}") = "day_02", "day_02\day_02.csproj", "{10E8964C-F04E-4C8D-993D-9BF1DE4ED33E}"
EndProject
Project("{FAE04EC0-301F-11D3-BF4B-00C04F79EFBC}") = "day_03", "day_03\day_03.csproj", "{36E55AAD-59FC-4408-AFA8-EC9BE4579344}"
EndProject
Project("{FAE04EC0-301F-11D3-BF4B-00C04F79EFBC}") = "day_04", "day_04\day_04.csproj", "{E6810B33-0787-42E3-A25A-2ACCA35C1C9E}"
EndProject
Project("{FAE04EC0-301F-11D3-BF4B-00C04F79EFBC}") = "day_05", "day_05\day_05.csproj", "{105A1B59-FAB6-4CBF-B3DA-E62C56B538EF}"
EndProject
Project("{FAE04EC0-301F-11D3-BF4B-00C04F79EFBC}") = "day_06", "day_06\day_06.csproj", "{6289FF48-1767-477F-B794-1858B49704D2}"
EndProject
Project("{FAE04EC0-301F-11D3-BF4B-00C04F79EFBC}") = "day_07", "day_07\day_07.csproj", "{6922546E-25ED-47D6-82DB-59B3AD641D71}"
EndProject
Project("{FAE04EC0-301F-11D3-BF4B-00C04F79EFBC}") = "day_08", "day_08\day_08.csproj", "{89DB05AD-DED9-4AAE-90C1-A59741F20AA2}"
EndProject
Project("{FAE04EC0-301F-11D3-BF4B-00C04F79EFBC}") = "day_09", "day_09\day_09.csproj", "{12F285B5-D111-43D8-8BCD-4FDFD49F0743}"
EndProject
Project("{FAE04EC0-301F-11D3-BF4B-00C04F79EFBC}") = "day_10", "day_10\day_10.csproj", "{FBFA9C93-B339-4833-A92D-13F0917A88BE}"
EndProject
Project("{FAE04EC0-301F-11D3-BF4B-00C04F79EFBC}") = "day_11", "day_11\day_11.csproj", "{52A2758D-FC55-4D92-B474-A0808D2526F0}"
EndProject
Global
	GlobalSection(SolutionConfigurationPlatforms) = preSolution
		Debug|Any CPU = Debug|Any CPU
		Release|Any CPU = Release|Any CPU
	EndGlobalSection
	GlobalSection(ProjectConfigurationPlatforms) = postSolution
		{2C5BD54B-1884-4D27-937B-1388171D49D2}.Debug|Any CPU.ActiveCfg = Debug|Any CPU
		{2C5BD54B-1884-4D27-937B-1388171D49D2}.Debug|Any CPU.Build.0 = Debug|Any CPU
		{2C5BD54B-1884-4D27-937B-1388171D49D2}.Release|Any CPU.ActiveCfg = Release|Any CPU
		{2C5BD54B-1884-4D27-937B-1388171D49D2}.Release|Any CPU.Build.0 = Release|Any CPU
		{10E8964C-F04E-4C8D-993D-9BF1DE4ED33E}.Debug|Any CPU.ActiveCfg = Debug|Any CPU
		{10E8964C-F04E-4C8D-993D-9BF1DE4ED33E}.Debug|Any CPU.Build.0 = Debug|Any CPU
		{10E8964C-F04E-4C8D-993D-9BF1DE4ED33E}.Release|Any CPU.ActiveCfg = Release|Any CPU
		{10E8964C-F04E-4C8D-993D-9BF1DE4ED33E}.Release|Any CPU.Build.0 = Release|Any CPU
		{36E55AAD-59FC-4408-AFA8-EC9BE4579344}.Debug|Any CPU.ActiveCfg = Debug|Any CPU
		{36E55AAD-59FC-4408-AFA8-EC9BE4579344}.Debug|Any CPU.Build.0 = Debug|Any CPU
		{36E55AAD-59FC-4408-AFA8-EC9BE4579344}.Release|Any CPU.ActiveCfg = Release|Any CPU
		{36E55AAD-59FC-4408-AFA8-EC9BE4579344}.Release|Any CPU.Build.0 = Release|Any CPU
		{E6810B33-0787-42E3-A25A-2ACCA35C1C9E}.Debug|Any CPU.ActiveCfg = Debug|Any CPU
		{E6810B33-0787-42E3-A25A-2ACCA35C1C9E}.Debug|Any CPU.Build.0 = Debug|Any CPU
		{E6810B33-0787-42E3-A25A-2ACCA35C1C9E}.Release|Any CPU.ActiveCfg = Release|Any CPU
		{E6810B33-0787-42E3-A25A-2ACCA35C1C9E}.Release|Any CPU.Build.0 = Release|Any CPU
		{105A1B59-FAB6-4CBF-B3DA-E62C56B538EF}.Debug|Any CPU.ActiveCfg = Debug|Any CPU
		{105A1B59-FAB6-4CBF-B3DA-E62C56B538EF}.Debug|Any CPU.Build.0 = Debug|Any CPU
		{105A1B59-FAB6-4CBF-B3DA-E62C56B538EF}.Release|Any CPU.ActiveCfg = Release|Any CPU
		{105A1B59-FAB6-4CBF-B3DA-E62C56B538EF}.Release|Any CPU.Build.0 = Release|Any CPU
		{6289FF48-1767-477F-B794-1858B49704D2}.Debug|Any CPU.ActiveCfg = Debug|Any CPU
		{6289FF48-1767-477F-B794-1858B49704D2}.Debug|Any CPU.Build.0 = Debug|Any CPU
		{6289FF48-1767-477F-B794-1858B49704D2}.Release|Any CPU.ActiveCfg = Release|Any CPU
		{6289FF48-1767-477F-B794-1858B49704D2}.Release|Any CPU.Build.0 = Release|Any CPU
		{6922546E-25ED-47D6-82DB-59B3AD641D71}.Debug|Any CPU.ActiveCfg = Debug|Any CPU
		{6922546E-25ED-47D6-82DB-59B3AD641D71}.Debug|Any CPU.Build.0 = Debug|Any CPU
		{6922546E-25ED-47D6-82DB-59B3AD641D71}.Release|Any CPU.ActiveCfg = Release|Any CPU
		{6922546E-25ED-47D6-82DB-59B3AD641D71}.Release|Any CPU.Build.0 = Release|Any CPU
		{89DB05AD-DED9-4AAE-90C1-A59741F20AA2}.Debug|Any CPU.ActiveCfg = Debug|Any CPU
		{89DB05AD-DED9-4AAE-90C1-A59741F20AA2}.Debug|Any CPU.Build.0 = Debug|Any CPU
		{89DB05AD-DED9-4AAE-90C1-A59741F20AA2}.Release|Any CPU.ActiveCfg = Release|Any CPU
		{89DB05AD-DED9-4AAE-90C1-A59741F20AA2}.Release|Any CPU.Build.0 = Release|Any CPU
		{12F285B5-D111-43D8-8BCD-4FDFD49F0743}.Debug|Any CPU.ActiveCfg = Debug|Any CPU
		{12F285B5-D111-43D8-8BCD-4FDFD49F0743}.Debug|Any CPU.Build.0 = Debug|Any CPU
		{12F285B5-D111-43D8-8BCD-4FDFD49F0743}.Release|Any CPU.ActiveCfg = Release|Any CPU
		{12F285B5-D111-43D8-8BCD-4FDFD49F0743}.Release|Any CPU.Build.0 = Release|Any CPU
		{FBFA9C93-B339-4833-A92D-13F0917A88BE}.Debug|Any CPU.ActiveCfg = Debug|Any CPU
		{FBFA9C93-B339-4833-A92D-13F0917A88BE}.Debug|Any CPU.Build.0 = Debug|Any CPU
		{FBFA9C93-B339-4833-A92D-13F0917A88BE}.Release|Any CPU.ActiveCfg = Release|Any CPU
		{FBFA9C93-B339-4833-A92D-13F0917A88BE}.Release|Any CPU.Build.0 = Release|Any CPU
		{52A2758D-FC55-4D92-B474-A0808D2526F0}.Debug|Any CPU.ActiveCfg = Debug|Any CPU
		{52A2758D-FC55-4D92-B474-A0808D2526F0}.Debug|Any CPU.Build.0 = Debug|Any CPU
		{52A2758D-FC55-4D92-B474-A0808D2526F0}.Release|Any CPU.ActiveCfg = Release|Any CPU
		{52A2758D-FC55-4D92-B474-A0808D2526F0}.Release|Any CPU.Build.0 = Release|Any CPU
	EndGlobalSection
	GlobalSection(SolutionProperties) = preSolution
		HideSolutionNode = FALSE
	EndGlobalSection
	GlobalSection(ExtensibilityGlobals) = postSolution
		SolutionGuid = {325EED09-E0C2-487E-9623-2A363952E764}
	EndGlobalSection
EndGlobal
