
Microsoft Visual Studio Solution File, Format Version 12.00
# Visual Studio Version 17
VisualStudioVersion = 17.11.35327.3
MinimumVisualStudioVersion = 10.0.40219.1
Project("{FAE04EC0-301F-11D3-BF4B-00C04F79EFBC}") = "day_01a", "day_01a\day_01a.csproj", "{2C5BD54B-1884-4D27-937B-1388171D49D2}"
EndProject
Project("{FAE04EC0-301F-11D3-BF4B-00C04F79EFBC}") = "day_02", "day_02\day_02.csproj", "{10E8964C-F04E-4C8D-993D-9BF1DE4ED33E}"
EndProject
Project("{FAE04EC0-301F-11D3-BF4B-00C04F79EFBC}") = "day_03", "day_03\day_03.csproj", "{36E55AAD-59FC-4408-AFA8-EC9BE4579344}"
EndProject
Global
	GlobalSection(SolutionConfigurationPlatforms) = preSolution
		Debug|Any CPU = Debug|Any CPU
		Release|Any CPU = Release|Any CPU
	EndGlobalSection
	GlobalSection(ProjectConfigurationPlatforms) = postSolution
		{2C5BD54B-1884-4D27-937B-1388171D49D2}.Debug|Any CPU.ActiveCfg = Debug|Any CPU
		{2C5BD54B-1884-4D27-937B-1388171D49D2}.Debug|Any CPU.Build.0 = Debug|Any CPU
		{2C5BD54B-1884-4D27-937B-1388171D49D2}.Release|Any CPU.ActiveCfg = Release|Any CPU
		{2C5BD54B-1884-4D27-937B-1388171D49D2}.Release|Any CPU.Build.0 = Release|Any CPU
		{10E8964C-F04E-4C8D-993D-9BF1DE4ED33E}.Debug|Any CPU.ActiveCfg = Debug|Any CPU
		{10E8964C-F04E-4C8D-993D-9BF1DE4ED33E}.Debug|Any CPU.Build.0 = Debug|Any CPU
		{10E8964C-F04E-4C8D-993D-9BF1DE4ED33E}.Release|Any CPU.ActiveCfg = Release|Any CPU
		{10E8964C-F04E-4C8D-993D-9BF1DE4ED33E}.Release|Any CPU.Build.0 = Release|Any CPU
		{36E55AAD-59FC-4408-AFA8-EC9BE4579344}.Debug|Any CPU.ActiveCfg = Debug|Any CPU
		{36E55AAD-59FC-4408-AFA8-EC9BE4579344}.Debug|Any CPU.Build.0 = Debug|Any CPU
		{36E55AAD-59FC-4408-AFA8-EC9BE4579344}.Release|Any CPU.ActiveCfg = Release|Any CPU
		{36E55AAD-59FC-4408-AFA8-EC9BE4579344}.Release|Any CPU.Build.0 = Release|Any CPU
	EndGlobalSection
	GlobalSection(SolutionProperties) = preSolution
		HideSolutionNode = FALSE
	EndGlobalSection
	GlobalSection(ExtensibilityGlobals) = postSolution
		SolutionGuid = {325EED09-E0C2-487E-9623-2A363952E764}
	EndGlobalSection
EndGlobal
